
Microsoft Visual Studio Solution File, Format Version 12.00
# Visual Studio Version 16
VisualStudioVersion = 16.0.32106.194
MinimumVisualStudioVersion = 10.0.40219.1
Project("{FAE04EC0-301F-11D3-BF4B-00C04F79EFBC}") = "TrianglesApplication", "TrianglesApplication\TrianglesApplication.csproj", "{A0F6627D-CBD5-439D-B74E-C60368A694CD}"
EndProject
Project("{FAE04EC0-301F-11D3-BF4B-00C04F79EFBC}") = "TrianglesApplicationTest", "TrianglesApplicationTest\TrianglesApplicationTest.csproj", "{31C5BAF2-A335-414B-B161-51B4C830D426}"
EndProject
Global
	GlobalSection(SolutionConfigurationPlatforms) = preSolution
		Debug|Any CPU = Debug|Any CPU
		Release|Any CPU = Release|Any CPU
	EndGlobalSection
	GlobalSection(ProjectConfigurationPlatforms) = postSolution
		{A0F6627D-CBD5-439D-B74E-C60368A694CD}.Debug|Any CPU.ActiveCfg = Debug|Any CPU
		{A0F6627D-CBD5-439D-B74E-C60368A694CD}.Debug|Any CPU.Build.0 = Debug|Any CPU
		{A0F6627D-CBD5-439D-B74E-C60368A694CD}.Release|Any CPU.ActiveCfg = Release|Any CPU
		{A0F6627D-CBD5-439D-B74E-C60368A694CD}.Release|Any CPU.Build.0 = Release|Any CPU
		{31C5BAF2-A335-414B-B161-51B4C830D426}.Debug|Any CPU.ActiveCfg = Debug|Any CPU
		{31C5BAF2-A335-414B-B161-51B4C830D426}.Debug|Any CPU.Build.0 = Debug|Any CPU
		{31C5BAF2-A335-414B-B161-51B4C830D426}.Release|Any CPU.ActiveCfg = Release|Any CPU
		{31C5BAF2-A335-414B-B161-51B4C830D426}.Release|Any CPU.Build.0 = Release|Any CPU
	EndGlobalSection
	GlobalSection(SolutionProperties) = preSolution
		HideSolutionNode = FALSE
	EndGlobalSection
	GlobalSection(ExtensibilityGlobals) = postSolution
		SolutionGuid = {A13EB0BD-7F11-4875-9A80-53F3C153F315}
	EndGlobalSection
EndGlobal
